github.com/fatih/set v0.2.1 h1:nn2CaJyknWE/6txyUDGwysr3G5QC6xWB/PtVjPBbeaA=
github.com/fatih/set v0.2.1/go.mod h1:+RKtMCH+favT2+3YecHGxcc0b4KyVWA1QWWJUs4E0CI=
github.com/go-audio/audio v1.0.0 h1:zS9vebldgbQqktK4H0lUqWrG8P0NxCJVqcj7ZpNnwd4=
github.com/go-audio/audio v1.0.0/go.mod h1:6uAu0+H2lHkwdGsAY+j2wHPNPpPoeg5AaEFh9FlA+Zs=
github.com/gordonklaus/portaudio v0.0.0-20220320131553-cc649ad523c1 h1:FgUJ91JoMbS5qWXdIpnHta1hLtw1X8n2ek5JRED3R1I=
github.com/gordonklaus/portaudio v0.0.0-20220320131553-cc649ad523c1/go.mod h1:HfYnZi/ARQKG0dwH5HNDmPCHdLiFiBf+SI7DbhW7et4=
github.com/hypebeast/go-osc v0.0.0-20210408213458-3287e1838f40 h1:w+HdpjIfD+5Kb8aJ1KK9ROuqS9No/p0mSYTx/0XCASc=
github.com/hypebeast/go-osc v0.0.0-20210408213458-3287e1838f40/go.mod h1:lqMjoCs0y0GoRRujSPZRBaGb4c5ER6TfkFKSClxkMbY=
github.com/jfreymuth/pulse v0.1.0 h1:KN38/9hoF9PJvP5DpEVhMRKNuwnJUonc8c9ARorRXUA=
github.com/jfreymuth/pulse v0.1.0/go.mod h1:cpYspI6YljhkUf1WLXLLDmeaaPFc3CnGLjDZf9dZ4no=
github.com/mb-14/gomarkov v0.0.0-20210216094942-a5b484cc0243 h1:F0IAcxxFNzC8/HOxI5Q2hpsWAoGdy+lGMjoVyrcMeSw=
github.com/mb-14/gomarkov v0.0.0-20210216094942-a5b484cc0243/go.mod h1:5F3Y03oxWIyMq3Wa4AxU544RYnXNZwHBfqpDpdLibBY=
github.com/montanaflynn/stats v0.6.3/go.mod h1:wL8QJuTMNUDYhXwkmfOly8iTdp5TEcJFWZD2D7SIkUc=
gitlab.com/gomidi/midi v1.21.0/go.mod h1:3ohtNOhqoSakkuLG/Li1OI6I3J1c2LErnJF5o/VBq1c=
gitlab.com/gomidi/midi v1.23.7 h1:I6qKoIk9s9dcX+pNf0jC+tziCzJFn82bMpuntRkLeik=
gitlab.com/gomidi/midi v1.23.7/go.mod h1:3ohtNOhqoSakkuLG/Li1OI6I3J1c2LErnJF5o/VBq1c=
gitlab.com/gomidi/rtmididrv v0.14.0 h1:IBkDsqXs1RuFoRWgQbyYEpwe0hoXZ17FLTZaJuyXWx0=
gitlab.com/gomidi/rtmididrv v0.14.0/go.mod h1:p/6IL1LGgj7utcv3wXudsDWiD9spgAdn0O8LDsGIPG0=
golang.org/x/exp v0.0.0-20191002040644-a1355ae1e2c3 h1:n9HxLrNxWWtEb1cA950nuEEj3QnKbtsCJ6KjcgisNUs=
gonum.org/v1/gonum v0.11.0 h1:f1IJhK4Km5tBJmaiJXtk/PkL4cdVX6J+tGiM187uT5E=
gonum.org/v1/gonum v0.11.0/go.mod h1:fSG4YDCxxUZQJ7rKsQrj0gMOg00Il0Z96/qMA4bVQhA=
