github.com/coreos/go-systemd/v22 v22.5.0/go.mod h1:Y58oyj3AT4RCenI/lSvhwexgC+NSVTIJ3seZv2GcEnc=
github.com/davecgh/go-spew v1.1.0/go.mod h1:J7Y8YcW2NihsgmVo/mv3lAwl/skON4iLHjSsI+c5H38=
github.com/davecgh/go-spew v1.1.1 h1:vj9j/u1bqnvCEfJOwUhtlOARqs3+rkHYY13jYWTU97c=
github.com/davecgh/go-spew v1.1.1/go.mod h1:J7Y8YcW2NihsgmVo/mv3lAwl/skON4iLHjSsI+c5H38=
github.com/go-audio/aiff v0.0.0-20180403003018-6c3a8a6aff12/go.mod h1:AMSAp6W1zd0koOdX6QDgGIuBDTUvLa2SLQtm7d9eM3c=
github.com/go-audio/aiff v1.0.0 h1:Mn4zZvfGjTUc9VWXiTlj6BYUADTsmh3qZtpCyHFRMiE=
github.com/go-audio/aiff v1.0.0/go.mod h1:Kazp+9JR/Y1ITCXaDlO6OIIOrz6eGGAn+dGT04V4HPM=
github.com/go-audio/audio v0.0.0-20180206231410-b697a35b5608/go.mod h1:6uAu0+H2lHkwdGsAY+j2wHPNPpPoeg5AaEFh9FlA+Zs=
github.com/go-audio/audio v1.0.0 h1:zS9vebldgbQqktK4H0lUqWrG8P0NxCJVqcj7ZpNnwd4=
github.com/go-audio/audio v1.0.0/go.mod h1:6uAu0+H2lHkwdGsAY+j2wHPNPpPoeg5AaEFh9FlA+Zs=
github.com/go-audio/generator v0.0.0-20191129013639-fe5438877d8c h1:KO3d5Lfb5ZtT38No0CKi9M3/hwtJbhxmdZVj7PzFAHA=
github.com/go-audio/generator v0.0.0-20191129013639-fe5438877d8c/go.mod h1:H9skUQPWI9JnhZvo1yagjH9u9RVYqT/YzdwbpL7fFq8=
github.com/go-audio/midi v1.0.0/go.mod h1:PoFcd6KPFUn++NHd1libpb/WifNIb/qKVvZ71McMVmo=
github.com/go-audio/music v0.0.0-20190404192933-efa583cde964/go.mod h1:YB8q3qa/GIHSguIMcxbGSIYhkjo6S2zh8pRpEkWH3JI=
github.com/go-audio/riff v1.0.0 h1:d8iCGbDvox9BfLagY94fBynxSPHO80LmZCaOsmKxokA=
github.com/go-audio/riff v1.0.0/go.mod h1:l3cQwc85y79NQFCRB7TiPoNiaijp6q8Z0Uv38rVG498=
github.com/go-audio/transforms v0.0.0-20180121090939-51830ccc35a5 h1:acgZxkn6oSJCh/snMQdZYuOeroSbZHdOinIa1n251Wk=
github.com/go-audio/transforms v0.0.0-20180121090939-51830ccc35a5/go.mod h1:z9ahC4nc9/kxKfl1BnTZ/D2Cm5TbhjR2LeuUpepL9zI=
github.com/go-audio/wav v0.0.0-20181013172942-de841e69b884/go.mod h1:UiqzUyfX0zs3pJ/DPyvS5v8sN6s5bXPUDDIVA5v8dks=
github.com/go-audio/wav v1.0.0/go.mod h1:3yoReyQOsiARkvPl3ERCi8JFjihzG6WhjYpZCf5zAWE=
github.com/go-audio/wav v1.1.0 h1:jQgLtbqBzY7G+BM8fXF7AHUk1uHUviWS4X39d5rsL2g=
github.com/go-audio/wav v1.1.0/go.mod h1:mpe9qfwbScEbkd8uybLuIpTgHyrISw/OTuvjUW2iGtE=
github.com/godbus/dbus/v5 v5.0.4/go.mod h1:xhWf0FNVPg57R7Z0UbKHbJfkEywrmjJnf7w5xrFpKfA=
github.com/gordonklaus/portaudio v0.0.0-20220320131553-cc649ad523c1 h1:FgUJ91JoMbS5qWXdIpnHta1hLtw1X8n2ek5JRED3R1I=
github.com/gordonklaus/portaudio v0.0.0-20220320131553-cc649ad523c1/go.mod h1:HfYnZi/ARQKG0dwH5HNDmPCHdLiFiBf+SI7DbhW7et4=
github.com/mattetti/audio v0.0.0-20180912171649-01576cde1f21/go.mod h1:LlQmBGkOuV/SKzEDXBPKauvN2UqCgzXO2XjecTGj40s=
github.com/mattetti/filebuffer v1.0.0/go.mod h1:X6nyAIge2JGVmuJt2MFCqmHrb/5IHiphfHtot0s5cnI=
github.com/mattn/go-colorable v0.1.13 h1:fFA4WZxdEF4tXPZVKMLwD8oUnCTTo08duU7wxecdEvA=
github.com/mattn/go-colorable v0.1.13/go.mod h1:7S9/ev0klgBDR4GtXTXX8a3vIGJpMovkB8vQcUbaXHg=
github.com/mattn/go-isatty v0.0.16/go.mod h1:kYGgaQfpe5nmfYZH+SKPsOc2e4SrIfOl2e/yFXSvRLM=
github.com/mattn/go-isatty v0.0.19 h1:JITubQf0MOLdlGRuRq+jtsDlekdYPia9ZFsB8h/APPA=
github.com/mattn/go-isatty v0.0.19/go.mod h1:W+V8PltTTMOvKvAeJH7IuucS94S2C6jfK/D7dTCTo3Y=
github.com/mb-14/gomarkov v0.0.0-20231120193207-9cbdc8df67a8 h1:4Z2WmWiMrfaZZYbuw5vx1yv1jfgtf5fuRgSUSxhTy5A=
github.com/mb-14/gomarkov v0.0.0-20231120193207-9cbdc8df67a8/go.mod h1:6nnTLIXjtAZzRGji0HC3vH+rGM2rKdAkIKgizGlRF6g=
github.com/pkg/errors v0.9.1/go.mod h1:bwawxfHBFNV+L2hUp1rHADufV3IMtnDRdf1r5NINEl0=
github.com/pmezard/go-difflib v1.0.0 h1:4DBwDE0NGyQoBHbLQYPwSUPoCMWR5BEzIk/f1lZbAQM=
github.com/pmezard/go-difflib v1.0.0/go.mod h1:iKH77koFhYxTK1pcRnkKkqfTogsbg7gZNVY4sRDYZ/4=
github.com/rs/xid v1.5.0/go.mod h1:trrq9SKmegXys3aeAKXMUTdJsYXVwGY3RLcfgqegfbg=
github.com/rs/zerolog v1.33.0 h1:1cU2KZkvPxNyfgEmhHAz/1A9Bz+llsdYzklWFzgp0r8=
github.com/rs/zerolog v1.33.0/go.mod h1:/7mN4D5sKwJLZQ2b/znpjC3/GQWY/xaDXUM0kKWRHss=
github.com/stretchr/objx v0.1.0/go.mod h1:HFkY916IF+rwdDfMAkV7OtwuqBVzrE8GR6GFx+wExME=
github.com/stretchr/objx v0.4.0/go.mod h1:YvHI0jy2hoMjB+UWwv71VJQ9isScKT/TqJzVSSt89Yw=
github.com/stretchr/objx v0.5.0/go.mod h1:Yh+to48EsGEfYuaHDzXPcE3xhTkx73EhmCGUpEOglKo=
github.com/stretchr/testify v1.7.1/go.mod h1:6Fq8oRcR53rry900zMqJjRRixrwX3KX962/h/Wwjteg=
github.com/stretchr/testify v1.8.0/go.mod h1:yNjHg4UonilssWZ8iaSj1OCr/vHnekPRkoO+kdMU+MU=
github.com/stretchr/testify v1.8.1 h1:w7B6lhMri9wdJUVmEZPGGhZzrYTPvgJArz7wNPgYKsk=
github.com/stretchr/testify v1.8.1/go.mod h1:w2LPCIKwWwSfY2zedu0+kehJoqGctiVI29o6fzry7u4=
golang.org/x/sys v0.0.0-20220811171246-fbc7d0a398ab/go.mod h1:oPkhp1MJrh7nUepCBck5+mAzfO9JrbApNNgaTdGDITg=
golang.org/x/sys v0.6.0/go.mod h1:oPkhp1MJrh7nUepCBck5+mAzfO9JrbApNNgaTdGDITg=
golang.org/x/sys v0.12.0 h1:CM0HF96J0hcLAwsHPJZjfdNzs0gftsLfgKt57wWHJ0o=
golang.org/x/sys v0.12.0/go.mod h1:oPkhp1MJrh7nUepCBck5+mAzfO9JrbApNNgaTdGDITg=
golang.org/x/tools v0.5.1-0.20230111220935-a7f7db3f17fc h1:zRn9MzwG18RZhyanShCfUwJTcobvqw8fOjjROFN9jtM=
golang.org/x/tools v0.5.1-0.20230111220935-a7f7db3f17fc/go.mod h1:N+Kgy78s5I24c24dU8OfWNEotWjutIs8SnJvn5IDq+k=
golang.org/x/tools/cmd/cover v0.1.0-deprecated h1:Rwy+mWYz6loAF+LnG1jHG/JWMHRMMC2/1XX3Ejkx9lA=
golang.org/x/tools/cmd/cover v0.1.0-deprecated/go.mod h1:hMDiIvlpN1NoVgmjLjUJE9tMHyxHjFX7RuQ+rW12mSA=
gopkg.in/check.v1 v0.0.0-20161208181325-20d25e280405 h1:yhCVgyC4o1eVCa2tZl7eS0r+SDo693bJlVdllGtEeKM=
gopkg.in/check.v1 v0.0.0-20161208181325-20d25e280405/go.mod h1:Co6ibVJAznAaIkqp8huTwlJQCZ016jof/cbN4VW5Yz0=
gopkg.in/yaml.v3 v3.0.0-20200313102051-9f266ea9e77c/go.mod h1:K4uyk7z7BCEPqu6E+C64Yfv1cQ7kz7rIZviUmN+EgEM=
gopkg.in/yaml.v3 v3.0.1 h1:fxVm/GzAzEWqLHuvctI91KS9hhNmmWOoWu0XTYJS7CA=
gopkg.in/yaml.v3 v3.0.1/go.mod h1:K4uyk7z7BCEPqu6E+C64Yfv1cQ7kz7rIZviUmN+EgEM=
